// !$*UTF8*$!
{
	archiveVersion = 1;
	classes = {
	};
	objectVersion = 56;
	objects = {

/* Begin PBXBuildFile section */
		EC03BFE42A0592DA006AC128 /* UseCase.swift in Sources */ = {isa = PBXBuildFile; fileRef = EC03BFE32A0592DA006AC128 /* UseCase.swift */; };
		EC03BFE72A05933B006AC128 /* Alamofire in Frameworks */ = {isa = PBXBuildFile; productRef = EC03BFE62A05933B006AC128 /* Alamofire */; };
		EC03BFEA2A059354006AC128 /* RxSwift in Frameworks */ = {isa = PBXBuildFile; productRef = EC03BFE92A059354006AC128 /* RxSwift */; };
		EC03BFF32A0593C6006AC128 /* AuthDataSourceProtocol.swift in Sources */ = {isa = PBXBuildFile; fileRef = EC03BFF22A0593C6006AC128 /* AuthDataSourceProtocol.swift */; };
		EC03BFF52A059408006AC128 /* UserResult.swift in Sources */ = {isa = PBXBuildFile; fileRef = EC03BFF42A059408006AC128 /* UserResult.swift */; };
		EC03BFF72A05945C006AC128 /* AuthRepository.swift in Sources */ = {isa = PBXBuildFile; fileRef = EC03BFF62A05945C006AC128 /* AuthRepository.swift */; };
		EC03BFF92A059470006AC128 /* AuthRepositoryProtocol.swift in Sources */ = {isa = PBXBuildFile; fileRef = EC03BFF82A059470006AC128 /* AuthRepositoryProtocol.swift */; };
		EC03BFFB2A0594F9006AC128 /* RegisterUseCase.swift in Sources */ = {isa = PBXBuildFile; fileRef = EC03BFFA2A0594F9006AC128 /* RegisterUseCase.swift */; };
		EC03BFFD2A059546006AC128 /* AuthDataSource.swift in Sources */ = {isa = PBXBuildFile; fileRef = EC03BFFC2A059546006AC128 /* AuthDataSource.swift */; };
		EC03C0002A05964C006AC128 /* BaseView.swift in Sources */ = {isa = PBXBuildFile; fileRef = EC03BFFF2A05964C006AC128 /* BaseView.swift */; };
		EC03C0022A059689006AC128 /* RegisterPresenterProtocol.swift in Sources */ = {isa = PBXBuildFile; fileRef = EC03C0012A059689006AC128 /* RegisterPresenterProtocol.swift */; };
		EC03C0042A059695006AC128 /* RegisterPresenter.swift in Sources */ = {isa = PBXBuildFile; fileRef = EC03C0032A059695006AC128 /* RegisterPresenter.swift */; };
		EC03C0062A0596A1006AC128 /* RegisterViewProtocol.swift in Sources */ = {isa = PBXBuildFile; fileRef = EC03C0052A0596A1006AC128 /* RegisterViewProtocol.swift */; };
		EC03C0082A05974E006AC128 /* RegisterRouterProtocol.swift in Sources */ = {isa = PBXBuildFile; fileRef = EC03C0072A05974E006AC128 /* RegisterRouterProtocol.swift */; };
		EC03C00A2A059756006AC128 /* RegisterRouter.swift in Sources */ = {isa = PBXBuildFile; fileRef = EC03C0092A059756006AC128 /* RegisterRouter.swift */; };
		EC03C00D2A0599EA006AC128 /* Toast in Frameworks */ = {isa = PBXBuildFile; productRef = EC03C00C2A0599EA006AC128 /* Toast */; };
		EC2573572A098BB40071A0F1 /* UserRegisterCredentials.swift in Sources */ = {isa = PBXBuildFile; fileRef = EC2573562A098BB40071A0F1 /* UserRegisterCredentials.swift */; };
		EC25735A2A098D790071A0F1 /* SwiftJWT in Frameworks */ = {isa = PBXBuildFile; productRef = EC2573592A098D790071A0F1 /* SwiftJWT */; };
		EC25735D2A0991880071A0F1 /* MyClaims.swift in Sources */ = {isa = PBXBuildFile; fileRef = EC25735C2A0991880071A0F1 /* MyClaims.swift */; };
		EC4AA70D2A16B32B003237F1 /* LoginUseCase.swift in Sources */ = {isa = PBXBuildFile; fileRef = EC4AA70C2A16B32B003237F1 /* LoginUseCase.swift */; };
		EC4AA70F2A16B526003237F1 /* UserLoginCredentials.swift in Sources */ = {isa = PBXBuildFile; fileRef = EC4AA70E2A16B526003237F1 /* UserLoginCredentials.swift */; };
		EC4AA7152A16B68A003237F1 /* LoginViewProtocol.swift in Sources */ = {isa = PBXBuildFile; fileRef = EC4AA7142A16B68A003237F1 /* LoginViewProtocol.swift */; };
		EC4AA7172A16B694003237F1 /* LoginPresenter.swift in Sources */ = {isa = PBXBuildFile; fileRef = EC4AA7162A16B694003237F1 /* LoginPresenter.swift */; };
		EC4AA7192A16B69A003237F1 /* LoginPresenterProtocol.swift in Sources */ = {isa = PBXBuildFile; fileRef = EC4AA7182A16B69A003237F1 /* LoginPresenterProtocol.swift */; };
		EC4AA71B2A16B93A003237F1 /* LoginRouter.swift in Sources */ = {isa = PBXBuildFile; fileRef = EC4AA71A2A16B93A003237F1 /* LoginRouter.swift */; };
		EC4AA71D2A16B944003237F1 /* LoginRouterProtocol.swift in Sources */ = {isa = PBXBuildFile; fileRef = EC4AA71C2A16B944003237F1 /* LoginRouterProtocol.swift */; };
		EC70606D29E9E06C00F729A7 /* TabBarViewController.swift in Sources */ = {isa = PBXBuildFile; fileRef = EC70606C29E9E06C00F729A7 /* TabBarViewController.swift */; };
		EC70607029E9E12B00F729A7 /* ProfileViewController.swift in Sources */ = {isa = PBXBuildFile; fileRef = EC70606F29E9E12B00F729A7 /* ProfileViewController.swift */; };
		EC764B522A047EDA0094E0F2 /* TasksViewController.swift in Sources */ = {isa = PBXBuildFile; fileRef = EC764B512A047EDA0094E0F2 /* TasksViewController.swift */; };
		EC764B552A04B4AF0094E0F2 /* TodoItem.swift in Sources */ = {isa = PBXBuildFile; fileRef = EC764B542A04B4AF0094E0F2 /* TodoItem.swift */; };
		ECD2913E29CF8DBE002DFAFA /* AppDelegate.swift in Sources */ = {isa = PBXBuildFile; fileRef = ECD2913D29CF8DBE002DFAFA /* AppDelegate.swift */; };
		ECD2914029CF8DBE002DFAFA /* art.scnassets in Resources */ = {isa = PBXBuildFile; fileRef = ECD2913F29CF8DBE002DFAFA /* art.scnassets */; };
		ECD2914229CF8DBE002DFAFA /* SolarSystemViewController.swift in Sources */ = {isa = PBXBuildFile; fileRef = ECD2914129CF8DBE002DFAFA /* SolarSystemViewController.swift */; };
		ECD2914729CF8DBF002DFAFA /* Assets.xcassets in Resources */ = {isa = PBXBuildFile; fileRef = ECD2914629CF8DBF002DFAFA /* Assets.xcassets */; };
		ECD2914A29CF8DBF002DFAFA /* LaunchScreen.storyboard in Resources */ = {isa = PBXBuildFile; fileRef = ECD2914829CF8DBF002DFAFA /* LaunchScreen.storyboard */; };
		ECD291AB29E5E83F002DFAFA /* MainViewController.swift in Sources */ = {isa = PBXBuildFile; fileRef = ECD291AA29E5E83F002DFAFA /* MainViewController.swift */; };
		ECD291AD29E5E970002DFAFA /* LoginViewController.swift in Sources */ = {isa = PBXBuildFile; fileRef = ECD291AC29E5E970002DFAFA /* LoginViewController.swift */; };
		ECD291AF29E5E979002DFAFA /* RegisterViewController.swift in Sources */ = {isa = PBXBuildFile; fileRef = ECD291AE29E5E979002DFAFA /* RegisterViewController.swift */; };
		ECF8A4BC2A1AA90E00819451 /* LogoutUseCase.swift in Sources */ = {isa = PBXBuildFile; fileRef = ECF8A4BB2A1AA90E00819451 /* LogoutUseCase.swift */; };
		ECF8A4BF2A1AA97D00819451 /* ProfilePresenterProtocol.swift in Sources */ = {isa = PBXBuildFile; fileRef = ECF8A4BE2A1AA97D00819451 /* ProfilePresenterProtocol.swift */; };
		ECF8A4C12A1AA98300819451 /* ProfilePresenter.swift in Sources */ = {isa = PBXBuildFile; fileRef = ECF8A4C02A1AA98300819451 /* ProfilePresenter.swift */; };
		ECF8A4C32A1AA98C00819451 /* ProfileViewProtocol.swift in Sources */ = {isa = PBXBuildFile; fileRef = ECF8A4C22A1AA98C00819451 /* ProfileViewProtocol.swift */; };
		ECF8A4C62A1AA9AA00819451 /* ProfileRouterProtocol.swift in Sources */ = {isa = PBXBuildFile; fileRef = ECF8A4C52A1AA9AA00819451 /* ProfileRouterProtocol.swift */; };
		ECF8A4C82A1AA9AF00819451 /* ProfileRouter.swift in Sources */ = {isa = PBXBuildFile; fileRef = ECF8A4C72A1AA9AF00819451 /* ProfileRouter.swift */; };
		ECF8A4CA2A1AAD1700819451 /* GetUserDataUseCase.swift in Sources */ = {isa = PBXBuildFile; fileRef = ECF8A4C92A1AAD1700819451 /* GetUserDataUseCase.swift */; };
/* End PBXBuildFile section */

/* Begin PBXFileReference section */
		EC03BFE32A0592DA006AC128 /* UseCase.swift */ = {isa = PBXFileReference; lastKnownFileType = sourcecode.swift; path = UseCase.swift; sourceTree = "<group>"; };
		EC03BFF22A0593C6006AC128 /* AuthDataSourceProtocol.swift */ = {isa = PBXFileReference; lastKnownFileType = sourcecode.swift; path = AuthDataSourceProtocol.swift; sourceTree = "<group>"; };
		EC03BFF42A059408006AC128 /* UserResult.swift */ = {isa = PBXFileReference; lastKnownFileType = sourcecode.swift; path = UserResult.swift; sourceTree = "<group>"; };
		EC03BFF62A05945C006AC128 /* AuthRepository.swift */ = {isa = PBXFileReference; lastKnownFileType = sourcecode.swift; path = AuthRepository.swift; sourceTree = "<group>"; };
		EC03BFF82A059470006AC128 /* AuthRepositoryProtocol.swift */ = {isa = PBXFileReference; lastKnownFileType = sourcecode.swift; path = AuthRepositoryProtocol.swift; sourceTree = "<group>"; };
		EC03BFFA2A0594F9006AC128 /* RegisterUseCase.swift */ = {isa = PBXFileReference; lastKnownFileType = sourcecode.swift; path = RegisterUseCase.swift; sourceTree = "<group>"; };
		EC03BFFC2A059546006AC128 /* AuthDataSource.swift */ = {isa = PBXFileReference; lastKnownFileType = sourcecode.swift; path = AuthDataSource.swift; sourceTree = "<group>"; };
		EC03BFFF2A05964C006AC128 /* BaseView.swift */ = {isa = PBXFileReference; lastKnownFileType = sourcecode.swift; path = BaseView.swift; sourceTree = "<group>"; };
		EC03C0012A059689006AC128 /* RegisterPresenterProtocol.swift */ = {isa = PBXFileReference; lastKnownFileType = sourcecode.swift; path = RegisterPresenterProtocol.swift; sourceTree = "<group>"; };
		EC03C0032A059695006AC128 /* RegisterPresenter.swift */ = {isa = PBXFileReference; lastKnownFileType = sourcecode.swift; path = RegisterPresenter.swift; sourceTree = "<group>"; };
		EC03C0052A0596A1006AC128 /* RegisterViewProtocol.swift */ = {isa = PBXFileReference; lastKnownFileType = sourcecode.swift; path = RegisterViewProtocol.swift; sourceTree = "<group>"; };
		EC03C0072A05974E006AC128 /* RegisterRouterProtocol.swift */ = {isa = PBXFileReference; lastKnownFileType = sourcecode.swift; path = RegisterRouterProtocol.swift; sourceTree = "<group>"; };
		EC03C0092A059756006AC128 /* RegisterRouter.swift */ = {isa = PBXFileReference; lastKnownFileType = sourcecode.swift; path = RegisterRouter.swift; sourceTree = "<group>"; };
		EC2573562A098BB40071A0F1 /* UserRegisterCredentials.swift */ = {isa = PBXFileReference; lastKnownFileType = sourcecode.swift; path = UserRegisterCredentials.swift; sourceTree = "<group>"; };
		EC25735C2A0991880071A0F1 /* MyClaims.swift */ = {isa = PBXFileReference; lastKnownFileType = sourcecode.swift; path = MyClaims.swift; sourceTree = "<group>"; };
		EC4AA70C2A16B32B003237F1 /* LoginUseCase.swift */ = {isa = PBXFileReference; lastKnownFileType = sourcecode.swift; path = LoginUseCase.swift; sourceTree = "<group>"; };
		EC4AA70E2A16B526003237F1 /* UserLoginCredentials.swift */ = {isa = PBXFileReference; lastKnownFileType = sourcecode.swift; path = UserLoginCredentials.swift; sourceTree = "<group>"; };
		EC4AA7142A16B68A003237F1 /* LoginViewProtocol.swift */ = {isa = PBXFileReference; lastKnownFileType = sourcecode.swift; path = LoginViewProtocol.swift; sourceTree = "<group>"; };
		EC4AA7162A16B694003237F1 /* LoginPresenter.swift */ = {isa = PBXFileReference; lastKnownFileType = sourcecode.swift; path = LoginPresenter.swift; sourceTree = "<group>"; };
		EC4AA7182A16B69A003237F1 /* LoginPresenterProtocol.swift */ = {isa = PBXFileReference; lastKnownFileType = sourcecode.swift; path = LoginPresenterProtocol.swift; sourceTree = "<group>"; };
		EC4AA71A2A16B93A003237F1 /* LoginRouter.swift */ = {isa = PBXFileReference; lastKnownFileType = sourcecode.swift; path = LoginRouter.swift; sourceTree = "<group>"; };
		EC4AA71C2A16B944003237F1 /* LoginRouterProtocol.swift */ = {isa = PBXFileReference; lastKnownFileType = sourcecode.swift; path = LoginRouterProtocol.swift; sourceTree = "<group>"; };
		EC70606C29E9E06C00F729A7 /* TabBarViewController.swift */ = {isa = PBXFileReference; lastKnownFileType = sourcecode.swift; path = TabBarViewController.swift; sourceTree = "<group>"; };
		EC70606F29E9E12B00F729A7 /* ProfileViewController.swift */ = {isa = PBXFileReference; lastKnownFileType = sourcecode.swift; path = ProfileViewController.swift; sourceTree = "<group>"; };
		EC764B512A047EDA0094E0F2 /* TasksViewController.swift */ = {isa = PBXFileReference; lastKnownFileType = sourcecode.swift; path = TasksViewController.swift; sourceTree = "<group>"; };
		EC764B542A04B4AF0094E0F2 /* TodoItem.swift */ = {isa = PBXFileReference; lastKnownFileType = sourcecode.swift; path = TodoItem.swift; sourceTree = "<group>"; };
		ECD2913A29CF8DBE002DFAFA /* ARSolarSystem.app */ = {isa = PBXFileReference; explicitFileType = wrapper.application; includeInIndex = 0; path = ARSolarSystem.app; sourceTree = BUILT_PRODUCTS_DIR; };
		ECD2913D29CF8DBE002DFAFA /* AppDelegate.swift */ = {isa = PBXFileReference; lastKnownFileType = sourcecode.swift; path = AppDelegate.swift; sourceTree = "<group>"; };
		ECD2913F29CF8DBE002DFAFA /* art.scnassets */ = {isa = PBXFileReference; lastKnownFileType = wrapper.scnassets; path = art.scnassets; sourceTree = "<group>"; };
		ECD2914129CF8DBE002DFAFA /* SolarSystemViewController.swift */ = {isa = PBXFileReference; lastKnownFileType = sourcecode.swift; path = SolarSystemViewController.swift; sourceTree = "<group>"; };
		ECD2914629CF8DBF002DFAFA /* Assets.xcassets */ = {isa = PBXFileReference; lastKnownFileType = folder.assetcatalog; path = Assets.xcassets; sourceTree = "<group>"; };
		ECD2914929CF8DBF002DFAFA /* Base */ = {isa = PBXFileReference; lastKnownFileType = file.storyboard; name = Base; path = Base.lproj/LaunchScreen.storyboard; sourceTree = "<group>"; };
		ECD291AA29E5E83F002DFAFA /* MainViewController.swift */ = {isa = PBXFileReference; lastKnownFileType = sourcecode.swift; path = MainViewController.swift; sourceTree = "<group>"; };
		ECD291AC29E5E970002DFAFA /* LoginViewController.swift */ = {isa = PBXFileReference; lastKnownFileType = sourcecode.swift; path = LoginViewController.swift; sourceTree = "<group>"; };
		ECD291AE29E5E979002DFAFA /* RegisterViewController.swift */ = {isa = PBXFileReference; lastKnownFileType = sourcecode.swift; path = RegisterViewController.swift; sourceTree = "<group>"; };
		ECF8A4BB2A1AA90E00819451 /* LogoutUseCase.swift */ = {isa = PBXFileReference; lastKnownFileType = sourcecode.swift; path = LogoutUseCase.swift; sourceTree = "<group>"; };
		ECF8A4BE2A1AA97D00819451 /* ProfilePresenterProtocol.swift */ = {isa = PBXFileReference; lastKnownFileType = sourcecode.swift; path = ProfilePresenterProtocol.swift; sourceTree = "<group>"; };
		ECF8A4C02A1AA98300819451 /* ProfilePresenter.swift */ = {isa = PBXFileReference; lastKnownFileType = sourcecode.swift; path = ProfilePresenter.swift; sourceTree = "<group>"; };
		ECF8A4C22A1AA98C00819451 /* ProfileViewProtocol.swift */ = {isa = PBXFileReference; lastKnownFileType = sourcecode.swift; path = ProfileViewProtocol.swift; sourceTree = "<group>"; };
		ECF8A4C52A1AA9AA00819451 /* ProfileRouterProtocol.swift */ = {isa = PBXFileReference; lastKnownFileType = sourcecode.swift; path = ProfileRouterProtocol.swift; sourceTree = "<group>"; };
		ECF8A4C72A1AA9AF00819451 /* ProfileRouter.swift */ = {isa = PBXFileReference; lastKnownFileType = sourcecode.swift; path = ProfileRouter.swift; sourceTree = "<group>"; };
		ECF8A4C92A1AAD1700819451 /* GetUserDataUseCase.swift */ = {isa = PBXFileReference; lastKnownFileType = sourcecode.swift; path = GetUserDataUseCase.swift; sourceTree = "<group>"; };
/* End PBXFileReference section */

/* Begin PBXFrameworksBuildPhase section */
		ECD2913729CF8DBE002DFAFA /* Frameworks */ = {
			isa = PBXFrameworksBuildPhase;
			buildActionMask = 2147483647;
			files = (
				EC03C00D2A0599EA006AC128 /* Toast in Frameworks */,
				EC03BFEA2A059354006AC128 /* RxSwift in Frameworks */,
				EC25735A2A098D790071A0F1 /* SwiftJWT in Frameworks */,
				EC03BFE72A05933B006AC128 /* Alamofire in Frameworks */,
			);
			runOnlyForDeploymentPostprocessing = 0;
		};
/* End PBXFrameworksBuildPhase section */

/* Begin PBXGroup section */
		EC03BFDC2A059276006AC128 /* Data */ = {
			isa = PBXGroup;
			children = (
				EC03BFEB2A059364006AC128 /* DataSource */,
				EC03BFEC2A05936A006AC128 /* Repository */,
			);
			path = Data;
			sourceTree = "<group>";
		};
		EC03BFDD2A05927C006AC128 /* Domain */ = {
			isa = PBXGroup;
			children = (
				EC03BFED2A059378006AC128 /* Repository */,
				EC03BFEE2A05937E006AC128 /* UseCase */,
				EC03BFEF2A059383006AC128 /* Model */,
			);
			path = Domain;
			sourceTree = "<group>";
		};
		EC03BFDE2A059281006AC128 /* Framework */ = {
			isa = PBXGroup;
			children = (
				EC03BFF02A059396006AC128 /* Data */,
				EC03BFF12A05939C006AC128 /* Presenter */,
				EC03BFE02A0592A1006AC128 /* UI */,
				EC03BFDF2A059296006AC128 /* Router */,
			);
			path = Framework;
			sourceTree = "<group>";
		};
		EC03BFDF2A059296006AC128 /* Router */ = {
			isa = PBXGroup;
			children = (
				ECF8A4C42A1AA99500819451 /* Profile */,
				EC4AA7132A16B66D003237F1 /* Login */,
				EC4AA7122A16B667003237F1 /* Register */,
			);
			path = Router;
			sourceTree = "<group>";
		};
		EC03BFE02A0592A1006AC128 /* UI */ = {
			isa = PBXGroup;
			children = (
				ECD291AC29E5E970002DFAFA /* LoginViewController.swift */,
				ECD291AE29E5E979002DFAFA /* RegisterViewController.swift */,
				EC70606F29E9E12B00F729A7 /* ProfileViewController.swift */,
			);
			path = UI;
			sourceTree = "<group>";
		};
		EC03BFE12A0592B5006AC128 /* Core */ = {
			isa = PBXGroup;
			children = (
				EC25735B2A0991790071A0F1 /* Networking */,
				EC03BFE22A0592C0006AC128 /* Architecture */,
			);
			path = Core;
			sourceTree = "<group>";
		};
		EC03BFE22A0592C0006AC128 /* Architecture */ = {
			isa = PBXGroup;
			children = (
				EC03BFFF2A05964C006AC128 /* BaseView.swift */,
				EC03BFE32A0592DA006AC128 /* UseCase.swift */,
			);
			path = Architecture;
			sourceTree = "<group>";
		};
		EC03BFEB2A059364006AC128 /* DataSource */ = {
			isa = PBXGroup;
			children = (
				EC03BFF22A0593C6006AC128 /* AuthDataSourceProtocol.swift */,
			);
			path = DataSource;
			sourceTree = "<group>";
		};
		EC03BFEC2A05936A006AC128 /* Repository */ = {
			isa = PBXGroup;
			children = (
				EC03BFF62A05945C006AC128 /* AuthRepository.swift */,
			);
			path = Repository;
			sourceTree = "<group>";
		};
		EC03BFED2A059378006AC128 /* Repository */ = {
			isa = PBXGroup;
			children = (
				EC03BFF82A059470006AC128 /* AuthRepositoryProtocol.swift */,
			);
			path = Repository;
			sourceTree = "<group>";
		};
		EC03BFEE2A05937E006AC128 /* UseCase */ = {
			isa = PBXGroup;
			children = (
				EC4AA70C2A16B32B003237F1 /* LoginUseCase.swift */,
				EC03BFFA2A0594F9006AC128 /* RegisterUseCase.swift */,
				ECF8A4BB2A1AA90E00819451 /* LogoutUseCase.swift */,
				ECF8A4C92A1AAD1700819451 /* GetUserDataUseCase.swift */,
			);
			path = UseCase;
			sourceTree = "<group>";
		};
		EC03BFEF2A059383006AC128 /* Model */ = {
			isa = PBXGroup;
			children = (
				EC03BFF42A059408006AC128 /* UserResult.swift */,
				EC2573562A098BB40071A0F1 /* UserRegisterCredentials.swift */,
				EC4AA70E2A16B526003237F1 /* UserLoginCredentials.swift */,
			);
			path = Model;
			sourceTree = "<group>";
		};
		EC03BFF02A059396006AC128 /* Data */ = {
			isa = PBXGroup;
			children = (
				EC03BFFC2A059546006AC128 /* AuthDataSource.swift */,
			);
			path = Data;
			sourceTree = "<group>";
		};
		EC03BFF12A05939C006AC128 /* Presenter */ = {
			isa = PBXGroup;
			children = (
				ECF8A4BD2A1AA96A00819451 /* Profile */,
				EC4AA7112A16B65B003237F1 /* Login */,
				EC4AA7102A16B655003237F1 /* Register */,
			);
			path = Presenter;
			sourceTree = "<group>";
		};
		EC25735B2A0991790071A0F1 /* Networking */ = {
			isa = PBXGroup;
			children = (
				EC25735C2A0991880071A0F1 /* MyClaims.swift */,
			);
			path = Networking;
			sourceTree = "<group>";
		};
		EC4AA7102A16B655003237F1 /* Register */ = {
			isa = PBXGroup;
			children = (
				EC03C0012A059689006AC128 /* RegisterPresenterProtocol.swift */,
				EC03C0032A059695006AC128 /* RegisterPresenter.swift */,
				EC03C0052A0596A1006AC128 /* RegisterViewProtocol.swift */,
			);
			path = Register;
			sourceTree = "<group>";
		};
		EC4AA7112A16B65B003237F1 /* Login */ = {
			isa = PBXGroup;
			children = (
				EC4AA7182A16B69A003237F1 /* LoginPresenterProtocol.swift */,
				EC4AA7162A16B694003237F1 /* LoginPresenter.swift */,
				EC4AA7142A16B68A003237F1 /* LoginViewProtocol.swift */,
			);
			name = Login;
			sourceTree = "<group>";
		};
		EC4AA7122A16B667003237F1 /* Register */ = {
			isa = PBXGroup;
			children = (
				EC03C0072A05974E006AC128 /* RegisterRouterProtocol.swift */,
				EC03C0092A059756006AC128 /* RegisterRouter.swift */,
			);
			path = Register;
			sourceTree = "<group>";
		};
		EC4AA7132A16B66D003237F1 /* Login */ = {
			isa = PBXGroup;
			children = (
				EC4AA71A2A16B93A003237F1 /* LoginRouter.swift */,
				EC4AA71C2A16B944003237F1 /* LoginRouterProtocol.swift */,
			);
			path = Login;
			sourceTree = "<group>";
		};
		EC70606629E9D05500F729A7 /* Modules */ = {
			isa = PBXGroup;
			children = (
				EC764B502A047EC10094E0F2 /* Tasks */,
				EC70606B29E9E03700F729A7 /* BottomMenu */,
				EC70606A29E9D07E00F729A7 /* Main */,
				EC70606929E9D06E00F729A7 /* Auth */,
				EC70606729E9D05C00F729A7 /* solarSystem */,
			);
			path = Modules;
			sourceTree = "<group>";
		};
		EC70606729E9D05C00F729A7 /* solarSystem */ = {
			isa = PBXGroup;
			children = (
				ECD2914129CF8DBE002DFAFA /* SolarSystemViewController.swift */,
			);
			path = solarSystem;
			sourceTree = "<group>";
		};
		EC70606929E9D06E00F729A7 /* Auth */ = {
			isa = PBXGroup;
			children = (
				EC03BFDC2A059276006AC128 /* Data */,
				EC03BFDD2A05927C006AC128 /* Domain */,
				EC03BFDE2A059281006AC128 /* Framework */,
			);
			path = Auth;
			sourceTree = "<group>";
		};
		EC70606A29E9D07E00F729A7 /* Main */ = {
			isa = PBXGroup;
			children = (
				ECD291AA29E5E83F002DFAFA /* MainViewController.swift */,
			);
			path = Main;
			sourceTree = "<group>";
		};
		EC70606B29E9E03700F729A7 /* BottomMenu */ = {
			isa = PBXGroup;
			children = (
				EC70606C29E9E06C00F729A7 /* TabBarViewController.swift */,
			);
			path = BottomMenu;
			sourceTree = "<group>";
		};
		EC764B502A047EC10094E0F2 /* Tasks */ = {
			isa = PBXGroup;
			children = (
				EC764B532A04B4A30094E0F2 /* Model */,
				EC764B512A047EDA0094E0F2 /* TasksViewController.swift */,
			);
			path = Tasks;
			sourceTree = "<group>";
		};
		EC764B532A04B4A30094E0F2 /* Model */ = {
			isa = PBXGroup;
			children = (
				EC764B542A04B4AF0094E0F2 /* TodoItem.swift */,
			);
			path = Model;
			sourceTree = "<group>";
		};
		ECD2913129CF8DBE002DFAFA = {
			isa = PBXGroup;
			children = (
				ECD2913C29CF8DBE002DFAFA /* ARSolarSystem */,
				ECD2913B29CF8DBE002DFAFA /* Products */,
			);
			sourceTree = "<group>";
		};
		ECD2913B29CF8DBE002DFAFA /* Products */ = {
			isa = PBXGroup;
			children = (
				ECD2913A29CF8DBE002DFAFA /* ARSolarSystem.app */,
			);
			name = Products;
			sourceTree = "<group>";
		};
		ECD2913C29CF8DBE002DFAFA /* ARSolarSystem */ = {
			isa = PBXGroup;
			children = (
				EC03BFE12A0592B5006AC128 /* Core */,
				EC70606629E9D05500F729A7 /* Modules */,
				ECD2913D29CF8DBE002DFAFA /* AppDelegate.swift */,
				ECD2913F29CF8DBE002DFAFA /* art.scnassets */,
				ECD2914629CF8DBF002DFAFA /* Assets.xcassets */,
				ECD2914829CF8DBF002DFAFA /* LaunchScreen.storyboard */,
			);
			path = ARSolarSystem;
			sourceTree = "<group>";
		};
		ECF8A4BD2A1AA96A00819451 /* Profile */ = {
			isa = PBXGroup;
			children = (
				ECF8A4BE2A1AA97D00819451 /* ProfilePresenterProtocol.swift */,
				ECF8A4C02A1AA98300819451 /* ProfilePresenter.swift */,
				ECF8A4C22A1AA98C00819451 /* ProfileViewProtocol.swift */,
			);
			path = Profile;
			sourceTree = "<group>";
		};
		ECF8A4C42A1AA99500819451 /* Profile */ = {
			isa = PBXGroup;
			children = (
				ECF8A4C52A1AA9AA00819451 /* ProfileRouterProtocol.swift */,
				ECF8A4C72A1AA9AF00819451 /* ProfileRouter.swift */,
			);
			path = Profile;
			sourceTree = "<group>";
		};
/* End PBXGroup section */

/* Begin PBXNativeTarget section */
		ECD2913929CF8DBE002DFAFA /* ARSolarSystem */ = {
			isa = PBXNativeTarget;
			buildConfigurationList = ECD2914D29CF8DBF002DFAFA /* Build configuration list for PBXNativeTarget "ARSolarSystem" */;
			buildPhases = (
				ECD2913629CF8DBE002DFAFA /* Sources */,
				ECD2913729CF8DBE002DFAFA /* Frameworks */,
				ECD2913829CF8DBE002DFAFA /* Resources */,
			);
			buildRules = (
			);
			dependencies = (
			);
			name = ARSolarSystem;
			packageProductDependencies = (
				EC03BFE62A05933B006AC128 /* Alamofire */,
				EC03BFE92A059354006AC128 /* RxSwift */,
				EC03C00C2A0599EA006AC128 /* Toast */,
				EC2573592A098D790071A0F1 /* SwiftJWT */,
			);
			productName = ARSolarSystem;
			productReference = ECD2913A29CF8DBE002DFAFA /* ARSolarSystem.app */;
			productType = "com.apple.product-type.application";
		};
/* End PBXNativeTarget section */

/* Begin PBXProject section */
		ECD2913229CF8DBE002DFAFA /* Project object */ = {
			isa = PBXProject;
			attributes = {
				BuildIndependentTargetsInParallel = 1;
				LastSwiftUpdateCheck = 1420;
				LastUpgradeCheck = 1420;
				TargetAttributes = {
					ECD2913929CF8DBE002DFAFA = {
						CreatedOnToolsVersion = 14.2;
					};
				};
			};
			buildConfigurationList = ECD2913529CF8DBE002DFAFA /* Build configuration list for PBXProject "ARSolarSystem" */;
			compatibilityVersion = "Xcode 14.0";
			developmentRegion = en;
			hasScannedForEncodings = 0;
			knownRegions = (
				en,
				Base,
			);
			mainGroup = ECD2913129CF8DBE002DFAFA;
			packageReferences = (
				EC03BFE52A05933B006AC128 /* XCRemoteSwiftPackageReference "Alamofire" */,
				EC03BFE82A059354006AC128 /* XCRemoteSwiftPackageReference "RxSwift" */,
				EC03C00B2A0599EA006AC128 /* XCRemoteSwiftPackageReference "Toast-Swift" */,
				EC2573582A098D790071A0F1 /* XCRemoteSwiftPackageReference "Swift-JWT" */,
			);
			productRefGroup = ECD2913B29CF8DBE002DFAFA /* Products */;
			projectDirPath = "";
			projectRoot = "";
			targets = (
				ECD2913929CF8DBE002DFAFA /* ARSolarSystem */,
			);
		};
/* End PBXProject section */

/* Begin PBXResourcesBuildPhase section */
		ECD2913829CF8DBE002DFAFA /* Resources */ = {
			isa = PBXResourcesBuildPhase;
			buildActionMask = 2147483647;
			files = (
				ECD2914029CF8DBE002DFAFA /* art.scnassets in Resources */,
				ECD2914A29CF8DBF002DFAFA /* LaunchScreen.storyboard in Resources */,
				ECD2914729CF8DBF002DFAFA /* Assets.xcassets in Resources */,
			);
			runOnlyForDeploymentPostprocessing = 0;
		};
/* End PBXResourcesBuildPhase section */

/* Begin PBXSourcesBuildPhase section */
		ECD2913629CF8DBE002DFAFA /* Sources */ = {
			isa = PBXSourcesBuildPhase;
			buildActionMask = 2147483647;
			files = (
				EC25735D2A0991880071A0F1 /* MyClaims.swift in Sources */,
				EC03BFF92A059470006AC128 /* AuthRepositoryProtocol.swift in Sources */,
				EC03C0022A059689006AC128 /* RegisterPresenterProtocol.swift in Sources */,
				ECD291AD29E5E970002DFAFA /* LoginViewController.swift in Sources */,
				ECF8A4C32A1AA98C00819451 /* ProfileViewProtocol.swift in Sources */,
				EC764B552A04B4AF0094E0F2 /* TodoItem.swift in Sources */,
				EC03C0002A05964C006AC128 /* BaseView.swift in Sources */,
				EC03BFFD2A059546006AC128 /* AuthDataSource.swift in Sources */,
				EC03BFFB2A0594F9006AC128 /* RegisterUseCase.swift in Sources */,
				EC4AA71B2A16B93A003237F1 /* LoginRouter.swift in Sources */,
				EC03BFF32A0593C6006AC128 /* AuthDataSourceProtocol.swift in Sources */,
				ECF8A4C12A1AA98300819451 /* ProfilePresenter.swift in Sources */,
				EC4AA70D2A16B32B003237F1 /* LoginUseCase.swift in Sources */,
				EC03C0082A05974E006AC128 /* RegisterRouterProtocol.swift in Sources */,
				ECF8A4C62A1AA9AA00819451 /* ProfileRouterProtocol.swift in Sources */,
				EC764B522A047EDA0094E0F2 /* TasksViewController.swift in Sources */,
				ECD291AF29E5E979002DFAFA /* RegisterViewController.swift in Sources */,
				EC4AA7152A16B68A003237F1 /* LoginViewProtocol.swift in Sources */,
				EC03BFF72A05945C006AC128 /* AuthRepository.swift in Sources */,
				ECF8A4CA2A1AAD1700819451 /* GetUserDataUseCase.swift in Sources */,
				ECD291AB29E5E83F002DFAFA /* MainViewController.swift in Sources */,
				ECF8A4BC2A1AA90E00819451 /* LogoutUseCase.swift in Sources */,
				ECF8A4C82A1AA9AF00819451 /* ProfileRouter.swift in Sources */,
				EC4AA7172A16B694003237F1 /* LoginPresenter.swift in Sources */,
				EC4AA7192A16B69A003237F1 /* LoginPresenterProtocol.swift in Sources */,
				EC2573572A098BB40071A0F1 /* UserRegisterCredentials.swift in Sources */,
				EC4AA71D2A16B944003237F1 /* LoginRouterProtocol.swift in Sources */,
				EC03BFE42A0592DA006AC128 /* UseCase.swift in Sources */,
				ECD2914229CF8DBE002DFAFA /* SolarSystemViewController.swift in Sources */,
				EC03C00A2A059756006AC128 /* RegisterRouter.swift in Sources */,
				EC03BFF52A059408006AC128 /* UserResult.swift in Sources */,
				EC03C0062A0596A1006AC128 /* RegisterViewProtocol.swift in Sources */,
				EC4AA70F2A16B526003237F1 /* UserLoginCredentials.swift in Sources */,
				EC70607029E9E12B00F729A7 /* ProfileViewController.swift in Sources */,
				EC03C0042A059695006AC128 /* RegisterPresenter.swift in Sources */,
				EC70606D29E9E06C00F729A7 /* TabBarViewController.swift in Sources */,
				ECF8A4BF2A1AA97D00819451 /* ProfilePresenterProtocol.swift in Sources */,
				ECD2913E29CF8DBE002DFAFA /* AppDelegate.swift in Sources */,
			);
			runOnlyForDeploymentPostprocessing = 0;
		};
/* End PBXSourcesBuildPhase section */

/* Begin PBXVariantGroup section */
		ECD2914829CF8DBF002DFAFA /* LaunchScreen.storyboard */ = {
			isa = PBXVariantGroup;
			children = (
				ECD2914929CF8DBF002DFAFA /* Base */,
			);
			name = LaunchScreen.storyboard;
			sourceTree = "<group>";
		};
/* End PBXVariantGroup section */

/* Begin XCBuildConfiguration section */
		ECD2914B29CF8DBF002DFAFA /* Debug */ = {
			isa = XCBuildConfiguration;
			buildSettings = {
				ALWAYS_SEARCH_USER_PATHS = NO;
				CLANG_ANALYZER_NONNULL = YES;
				CLANG_ANALYZER_NUMBER_OBJECT_CONVERSION = YES_AGGRESSIVE;
				CLANG_CXX_LANGUAGE_STANDARD = "gnu++20";
				CLANG_ENABLE_MODULES = YES;
				CLANG_ENABLE_OBJC_ARC = YES;
				CLANG_ENABLE_OBJC_WEAK = YES;
				CLANG_WARN_BLOCK_CAPTURE_AUTORELEASING = YES;
				CLANG_WARN_BOOL_CONVERSION = YES;
				CLANG_WARN_COMMA = YES;
				CLANG_WARN_CONSTANT_CONVERSION = YES;
				CLANG_WARN_DEPRECATED_OBJC_IMPLEMENTATIONS = YES;
				CLANG_WARN_DIRECT_OBJC_ISA_USAGE = YES_ERROR;
				CLANG_WARN_DOCUMENTATION_COMMENTS = YES;
				CLANG_WARN_EMPTY_BODY = YES;
				CLANG_WARN_ENUM_CONVERSION = YES;
				CLANG_WARN_INFINITE_RECURSION = YES;
				CLANG_WARN_INT_CONVERSION = YES;
				CLANG_WARN_NON_LITERAL_NULL_CONVERSION = YES;
				CLANG_WARN_OBJC_IMPLICIT_RETAIN_SELF = YES;
				CLANG_WARN_OBJC_LITERAL_CONVERSION = YES;
				CLANG_WARN_OBJC_ROOT_CLASS = YES_ERROR;
				CLANG_WARN_QUOTED_INCLUDE_IN_FRAMEWORK_HEADER = YES;
				CLANG_WARN_RANGE_LOOP_ANALYSIS = YES;
				CLANG_WARN_STRICT_PROTOTYPES = YES;
				CLANG_WARN_SUSPICIOUS_MOVE = YES;
				CLANG_WARN_UNGUARDED_AVAILABILITY = YES_AGGRESSIVE;
				CLANG_WARN_UNREACHABLE_CODE = YES;
				CLANG_WARN__DUPLICATE_METHOD_MATCH = YES;
				COPY_PHASE_STRIP = NO;
				DEBUG_INFORMATION_FORMAT = dwarf;
				ENABLE_STRICT_OBJC_MSGSEND = YES;
				ENABLE_TESTABILITY = YES;
				GCC_C_LANGUAGE_STANDARD = gnu11;
				GCC_DYNAMIC_NO_PIC = NO;
				GCC_NO_COMMON_BLOCKS = YES;
				GCC_OPTIMIZATION_LEVEL = 0;
				GCC_PREPROCESSOR_DEFINITIONS = (
					"DEBUG=1",
					"$(inherited)",
				);
				GCC_WARN_64_TO_32_BIT_CONVERSION = YES;
				GCC_WARN_ABOUT_RETURN_TYPE = YES_ERROR;
				GCC_WARN_UNDECLARED_SELECTOR = YES;
				GCC_WARN_UNINITIALIZED_AUTOS = YES_AGGRESSIVE;
				GCC_WARN_UNUSED_FUNCTION = YES;
				GCC_WARN_UNUSED_VARIABLE = YES;
				IPHONEOS_DEPLOYMENT_TARGET = 16.2;
				MTL_ENABLE_DEBUG_INFO = INCLUDE_SOURCE;
				MTL_FAST_MATH = YES;
				ONLY_ACTIVE_ARCH = YES;
				SDKROOT = iphoneos;
				SWIFT_ACTIVE_COMPILATION_CONDITIONS = DEBUG;
				SWIFT_OPTIMIZATION_LEVEL = "-Onone";
			};
			name = Debug;
		};
		ECD2914C29CF8DBF002DFAFA /* Release */ = {
			isa = XCBuildConfiguration;
			buildSettings = {
				ALWAYS_SEARCH_USER_PATHS = NO;
				CLANG_ANALYZER_NONNULL = YES;
				CLANG_ANALYZER_NUMBER_OBJECT_CONVERSION = YES_AGGRESSIVE;
				CLANG_CXX_LANGUAGE_STANDARD = "gnu++20";
				CLANG_ENABLE_MODULES = YES;
				CLANG_ENABLE_OBJC_ARC = YES;
				CLANG_ENABLE_OBJC_WEAK = YES;
				CLANG_WARN_BLOCK_CAPTURE_AUTORELEASING = YES;
				CLANG_WARN_BOOL_CONVERSION = YES;
				CLANG_WARN_COMMA = YES;
				CLANG_WARN_CONSTANT_CONVERSION = YES;
				CLANG_WARN_DEPRECATED_OBJC_IMPLEMENTATIONS = YES;
				CLANG_WARN_DIRECT_OBJC_ISA_USAGE = YES_ERROR;
				CLANG_WARN_DOCUMENTATION_COMMENTS = YES;
				CLANG_WARN_EMPTY_BODY = YES;
				CLANG_WARN_ENUM_CONVERSION = YES;
				CLANG_WARN_INFINITE_RECURSION = YES;
				CLANG_WARN_INT_CONVERSION = YES;
				CLANG_WARN_NON_LITERAL_NULL_CONVERSION = YES;
				CLANG_WARN_OBJC_IMPLICIT_RETAIN_SELF = YES;
				CLANG_WARN_OBJC_LITERAL_CONVERSION = YES;
				CLANG_WARN_OBJC_ROOT_CLASS = YES_ERROR;
				CLANG_WARN_QUOTED_INCLUDE_IN_FRAMEWORK_HEADER = YES;
				CLANG_WARN_RANGE_LOOP_ANALYSIS = YES;
				CLANG_WARN_STRICT_PROTOTYPES = YES;
				CLANG_WARN_SUSPICIOUS_MOVE = YES;
				CLANG_WARN_UNGUARDED_AVAILABILITY = YES_AGGRESSIVE;
				CLANG_WARN_UNREACHABLE_CODE = YES;
				CLANG_WARN__DUPLICATE_METHOD_MATCH = YES;
				COPY_PHASE_STRIP = NO;
				DEBUG_INFORMATION_FORMAT = "dwarf-with-dsym";
				ENABLE_NS_ASSERTIONS = NO;
				ENABLE_STRICT_OBJC_MSGSEND = YES;
				GCC_C_LANGUAGE_STANDARD = gnu11;
				GCC_NO_COMMON_BLOCKS = YES;
				GCC_WARN_64_TO_32_BIT_CONVERSION = YES;
				GCC_WARN_ABOUT_RETURN_TYPE = YES_ERROR;
				GCC_WARN_UNDECLARED_SELECTOR = YES;
				GCC_WARN_UNINITIALIZED_AUTOS = YES_AGGRESSIVE;
				GCC_WARN_UNUSED_FUNCTION = YES;
				GCC_WARN_UNUSED_VARIABLE = YES;
				IPHONEOS_DEPLOYMENT_TARGET = 16.2;
				MTL_ENABLE_DEBUG_INFO = NO;
				MTL_FAST_MATH = YES;
				SDKROOT = iphoneos;
				SWIFT_COMPILATION_MODE = wholemodule;
				SWIFT_OPTIMIZATION_LEVEL = "-O";
				VALIDATE_PRODUCT = YES;
			};
			name = Release;
		};
		ECD2914E29CF8DBF002DFAFA /* Debug */ = {
			isa = XCBuildConfiguration;
			buildSettings = {
				ASSETCATALOG_COMPILER_APPICON_NAME = AppIcon;
				ASSETCATALOG_COMPILER_GLOBAL_ACCENT_COLOR_NAME = AccentColor;
				CODE_SIGN_STYLE = Automatic;
				CURRENT_PROJECT_VERSION = 1;
				DEVELOPMENT_TEAM = 976FGDGLG4;
				GENERATE_INFOPLIST_FILE = YES;
				INFOPLIST_KEY_NSCameraUsageDescription = "";
				INFOPLIST_KEY_UIApplicationSupportsIndirectInputEvents = YES;
				INFOPLIST_KEY_UILaunchStoryboardName = LaunchScreen;
				INFOPLIST_KEY_UIMainStoryboardFile = "";
				INFOPLIST_KEY_UIRequiredDeviceCapabilities = arkit;
				INFOPLIST_KEY_UIStatusBarHidden = YES;
				INFOPLIST_KEY_UIStatusBarStyle = "";
				INFOPLIST_KEY_UISupportedInterfaceOrientations_iPad = "UIInterfaceOrientationPortrait UIInterfaceOrientationPortraitUpsideDown UIInterfaceOrientationLandscapeLeft UIInterfaceOrientationLandscapeRight";
				INFOPLIST_KEY_UISupportedInterfaceOrientations_iPhone = "UIInterfaceOrientationPortrait UIInterfaceOrientationLandscapeLeft UIInterfaceOrientationLandscapeRight";
				LD_RUNPATH_SEARCH_PATHS = (
					"$(inherited)",
					"@executable_path/Frameworks",
				);
				MARKETING_VERSION = 1.0;
				PRODUCT_BUNDLE_IDENTIFIER = mx.ARSolarSystem;
				PRODUCT_NAME = "$(TARGET_NAME)";
				SWIFT_EMIT_LOC_STRINGS = YES;
				SWIFT_VERSION = 5.0;
				TARGETED_DEVICE_FAMILY = "1,2";
			};
			name = Debug;
		};
		ECD2914F29CF8DBF002DFAFA /* Release */ = {
			isa = XCBuildConfiguration;
			buildSettings = {
				ASSETCATALOG_COMPILER_APPICON_NAME = AppIcon;
				ASSETCATALOG_COMPILER_GLOBAL_ACCENT_COLOR_NAME = AccentColor;
				CODE_SIGN_STYLE = Automatic;
				CURRENT_PROJECT_VERSION = 1;
				DEVELOPMENT_TEAM = 976FGDGLG4;
				GENERATE_INFOPLIST_FILE = YES;
				INFOPLIST_KEY_NSCameraUsageDescription = "";
				INFOPLIST_KEY_UIApplicationSupportsIndirectInputEvents = YES;
				INFOPLIST_KEY_UILaunchStoryboardName = LaunchScreen;
				INFOPLIST_KEY_UIMainStoryboardFile = "";
				INFOPLIST_KEY_UIRequiredDeviceCapabilities = arkit;
				INFOPLIST_KEY_UIStatusBarHidden = YES;
				INFOPLIST_KEY_UIStatusBarStyle = "";
				INFOPLIST_KEY_UISupportedInterfaceOrientations_iPad = "UIInterfaceOrientationPortrait UIInterfaceOrientationPortraitUpsideDown UIInterfaceOrientationLandscapeLeft UIInterfaceOrientationLandscapeRight";
				INFOPLIST_KEY_UISupportedInterfaceOrientations_iPhone = "UIInterfaceOrientationPortrait UIInterfaceOrientationLandscapeLeft UIInterfaceOrientationLandscapeRight";
				LD_RUNPATH_SEARCH_PATHS = (
					"$(inherited)",
					"@executable_path/Frameworks",
				);
				MARKETING_VERSION = 1.0;
				PRODUCT_BUNDLE_IDENTIFIER = mx.ARSolarSystem;
				PRODUCT_NAME = "$(TARGET_NAME)";
				SWIFT_EMIT_LOC_STRINGS = YES;
				SWIFT_VERSION = 5.0;
				TARGETED_DEVICE_FAMILY = "1,2";
			};
			name = Release;
		};
/* End XCBuildConfiguration section */

/* Begin XCConfigurationList section */
		ECD2913529CF8DBE002DFAFA /* Build configuration list for PBXProject "ARSolarSystem" */ = {
			isa = XCConfigurationList;
			buildConfigurations = (
				ECD2914B29CF8DBF002DFAFA /* Debug */,
				ECD2914C29CF8DBF002DFAFA /* Release */,
			);
			defaultConfigurationIsVisible = 0;
			defaultConfigurationName = Release;
		};
		ECD2914D29CF8DBF002DFAFA /* Build configuration list for PBXNativeTarget "ARSolarSystem" */ = {
			isa = XCConfigurationList;
			buildConfigurations = (
				ECD2914E29CF8DBF002DFAFA /* Debug */,
				ECD2914F29CF8DBF002DFAFA /* Release */,
			);
			defaultConfigurationIsVisible = 0;
			defaultConfigurationName = Release;
		};
/* End XCConfigurationList section */

/* Begin XCRemoteSwiftPackageReference section */
		EC03BFE52A05933B006AC128 /* XCRemoteSwiftPackageReference "Alamofire" */ = {
			isa = XCRemoteSwiftPackageReference;
			repositoryURL = "https://github.com/Alamofire/Alamofire";
			requirement = {
				kind = upToNextMajorVersion;
				minimumVersion = 5.0.0;
			};
		};
		EC03BFE82A059354006AC128 /* XCRemoteSwiftPackageReference "RxSwift" */ = {
			isa = XCRemoteSwiftPackageReference;
			repositoryURL = "https://github.com/ReactiveX/RxSwift";
			requirement = {
				kind = upToNextMajorVersion;
				minimumVersion = 6.0.0;
			};
		};
		EC03C00B2A0599EA006AC128 /* XCRemoteSwiftPackageReference "Toast-Swift" */ = {
			isa = XCRemoteSwiftPackageReference;
			repositoryURL = "https://github.com/scalessec/Toast-Swift";
			requirement = {
				kind = upToNextMajorVersion;
				minimumVersion = 5.0.0;
			};
		};
		EC2573582A098D790071A0F1 /* XCRemoteSwiftPackageReference "Swift-JWT" */ = {
			isa = XCRemoteSwiftPackageReference;
			repositoryURL = "https://github.com/IBM-Swift/Swift-JWT.git";
			requirement = {
				kind = upToNextMajorVersion;
				minimumVersion = 4.0.0;
			};
		};
/* End XCRemoteSwiftPackageReference section */

/* Begin XCSwiftPackageProductDependency section */
		EC03BFE62A05933B006AC128 /* Alamofire */ = {
			isa = XCSwiftPackageProductDependency;
			package = EC03BFE52A05933B006AC128 /* XCRemoteSwiftPackageReference "Alamofire" */;
			productName = Alamofire;
		};
		EC03BFE92A059354006AC128 /* RxSwift */ = {
			isa = XCSwiftPackageProductDependency;
			package = EC03BFE82A059354006AC128 /* XCRemoteSwiftPackageReference "RxSwift" */;
			productName = RxSwift;
		};
		EC03C00C2A0599EA006AC128 /* Toast */ = {
			isa = XCSwiftPackageProductDependency;
			package = EC03C00B2A0599EA006AC128 /* XCRemoteSwiftPackageReference "Toast-Swift" */;
			productName = Toast;
		};
		EC2573592A098D790071A0F1 /* SwiftJWT */ = {
			isa = XCSwiftPackageProductDependency;
			package = EC2573582A098D790071A0F1 /* XCRemoteSwiftPackageReference "Swift-JWT" */;
			productName = SwiftJWT;
		};
/* End XCSwiftPackageProductDependency section */
	};
	rootObject = ECD2913229CF8DBE002DFAFA /* Project object */;
}
